Microsoft Visual Studio Solution File, Format Version 12.00
# Visual Studio 15
VisualStudioVersion = 15.0.26124.0
MinimumVisualStudioVersion = 15.0.26124.0
Project("{2150E333-8FDC-42A3-9474-1A3956D46DE8}") = "src", "src", "{8E2B7C83-42A7-4C7C-A125-C53635AA3120}"
EndProject
Project("{9A19103F-16F7-4668-BE54-9A1E7A4F7556}") = "StoreOfBuild.Domain", "src\StoreOfBuild.Domain\StoreOfBuild.Domain.csproj", "{865EE279-A05A-4953-9691-8239C5150845}"
EndProject
Project("{9A19103F-16F7-4668-BE54-9A1E7A4F7556}") = "StoreOfBuild.Web", "src\StoreOfBuild.Web\StoreOfBuild.Web.csproj", "{97081493-B830-48CF-9FF9-964C70D865CC}"
EndProject
Project("{9A19103F-16F7-4668-BE54-9A1E7A4F7556}") = "StoreOfBuild.Data", "src\StoreOfBuild.Data\StoreOfBuild.Data.csproj", "{4627525F-5AE2-42AA-A0FD-FB0A0B84F10F}"
EndProject
Project("{9A19103F-16F7-4668-BE54-9A1E7A4F7556}") = "StoreOfBuild.DI", "src\StoreOfBuild.DI\StoreOfBuild.DI.csproj", "{0CF5E8E9-1699-48FC-A6E1-FB78715705B1}"
EndProject
Global
	GlobalSection(SolutionConfigurationPlatforms) = preSolution
		Debug|Any CPU = Debug|Any CPU
		Debug|x64 = Debug|x64
		Debug|x86 = Debug|x86
		Release|Any CPU = Release|Any CPU
		Release|x64 = Release|x64
		Release|x86 = Release|x86
	EndGlobalSection
	GlobalSection(ProjectConfigurationPlatforms) = postSolution
		{865EE279-A05A-4953-9691-8239C5150845}.Debug|Any CPU.ActiveCfg = Debug|Any CPU
		{865EE279-A05A-4953-9691-8239C5150845}.Debug|Any CPU.Build.0 = Debug|Any CPU
		{865EE279-A05A-4953-9691-8239C5150845}.Debug|x64.ActiveCfg = Debug|Any CPU
		{865EE279-A05A-4953-9691-8239C5150845}.Debug|x64.Build.0 = Debug|Any CPU
		{865EE279-A05A-4953-9691-8239C5150845}.Debug|x86.ActiveCfg = Debug|Any CPU
		{865EE279-A05A-4953-9691-8239C5150845}.Debug|x86.Build.0 = Debug|Any CPU
		{865EE279-A05A-4953-9691-8239C5150845}.Release|Any CPU.ActiveCfg = Release|Any CPU
		{865EE279-A05A-4953-9691-8239C5150845}.Release|Any CPU.Build.0 = Release|Any CPU
		{865EE279-A05A-4953-9691-8239C5150845}.Release|x64.ActiveCfg = Release|Any CPU
		{865EE279-A05A-4953-9691-8239C5150845}.Release|x64.Build.0 = Release|Any CPU
		{865EE279-A05A-4953-9691-8239C5150845}.Release|x86.ActiveCfg = Release|Any CPU
		{865EE279-A05A-4953-9691-8239C5150845}.Release|x86.Build.0 = Release|Any CPU
		{97081493-B830-48CF-9FF9-964C70D865CC}.Debug|Any CPU.ActiveCfg = Debug|Any CPU
		{97081493-B830-48CF-9FF9-964C70D865CC}.Debug|Any CPU.Build.0 = Debug|Any CPU
		{97081493-B830-48CF-9FF9-964C70D865CC}.Debug|x64.ActiveCfg = Debug|Any CPU
		{97081493-B830-48CF-9FF9-964C70D865CC}.Debug|x64.Build.0 = Debug|Any CPU
		{97081493-B830-48CF-9FF9-964C70D865CC}.Debug|x86.ActiveCfg = Debug|Any CPU
		{97081493-B830-48CF-9FF9-964C70D865CC}.Debug|x86.Build.0 = Debug|Any CPU
		{97081493-B830-48CF-9FF9-964C70D865CC}.Release|Any CPU.ActiveCfg = Release|Any CPU
		{97081493-B830-48CF-9FF9-964C70D865CC}.Release|Any CPU.Build.0 = Release|Any CPU
		{97081493-B830-48CF-9FF9-964C70D865CC}.Release|x64.ActiveCfg = Release|Any CPU
		{97081493-B830-48CF-9FF9-964C70D865CC}.Release|x64.Build.0 = Release|Any CPU
		{97081493-B830-48CF-9FF9-964C70D865CC}.Release|x86.ActiveCfg = Release|Any CPU
		{97081493-B830-48CF-9FF9-964C70D865CC}.Release|x86.Build.0 = Release|Any CPU
		{4627525F-5AE2-42AA-A0FD-FB0A0B84F10F}.Debug|Any CPU.ActiveCfg = Debug|Any CPU
		{4627525F-5AE2-42AA-A0FD-FB0A0B84F10F}.Debug|Any CPU.Build.0 = Debug|Any CPU
		{4627525F-5AE2-42AA-A0FD-FB0A0B84F10F}.Debug|x64.ActiveCfg = Debug|Any CPU
		{4627525F-5AE2-42AA-A0FD-FB0A0B84F10F}.Debug|x64.Build.0 = Debug|Any CPU
		{4627525F-5AE2-42AA-A0FD-FB0A0B84F10F}.Debug|x86.ActiveCfg = Debug|Any CPU
		{4627525F-5AE2-42AA-A0FD-FB0A0B84F10F}.Debug|x86.Build.0 = Debug|Any CPU
		{4627525F-5AE2-42AA-A0FD-FB0A0B84F10F}.Release|Any CPU.ActiveCfg = Release|Any CPU
		{4627525F-5AE2-42AA-A0FD-FB0A0B84F10F}.Release|Any CPU.Build.0 = Release|Any CPU
		{4627525F-5AE2-42AA-A0FD-FB0A0B84F10F}.Release|x64.ActiveCfg = Release|Any CPU
		{4627525F-5AE2-42AA-A0FD-FB0A0B84F10F}.Release|x64.Build.0 = Release|Any CPU
		{4627525F-5AE2-42AA-A0FD-FB0A0B84F10F}.Release|x86.ActiveCfg = Release|Any CPU
		{4627525F-5AE2-42AA-A0FD-FB0A0B84F10F}.Release|x86.Build.0 = Release|Any CPU
		{0CF5E8E9-1699-48FC-A6E1-FB78715705B1}.Debug|Any CPU.ActiveCfg = Debug|Any CPU
		{0CF5E8E9-1699-48FC-A6E1-FB78715705B1}.Debug|Any CPU.Build.0 = Debug|Any CPU
		{0CF5E8E9-1699-48FC-A6E1-FB78715705B1}.Debug|x64.ActiveCfg = Debug|Any CPU
		{0CF5E8E9-1699-48FC-A6E1-FB78715705B1}.Debug|x64.Build.0 = Debug|Any CPU
		{0CF5E8E9-1699-48FC-A6E1-FB78715705B1}.Debug|x86.ActiveCfg = Debug|Any CPU
		{0CF5E8E9-1699-48FC-A6E1-FB78715705B1}.Debug|x86.Build.0 = Debug|Any CPU
		{0CF5E8E9-1699-48FC-A6E1-FB78715705B1}.Release|Any CPU.ActiveCfg = Release|Any CPU
		{0CF5E8E9-1699-48FC-A6E1-FB78715705B1}.Release|Any CPU.Build.0 = Release|Any CPU
		{0CF5E8E9-1699-48FC-A6E1-FB78715705B1}.Release|x64.ActiveCfg = Release|Any CPU
		{0CF5E8E9-1699-48FC-A6E1-FB78715705B1}.Release|x64.Build.0 = Release|Any CPU
		{0CF5E8E9-1699-48FC-A6E1-FB78715705B1}.Release|x86.ActiveCfg = Release|Any CPU
		{0CF5E8E9-1699-48FC-A6E1-FB78715705B1}.Release|x86.Build.0 = Release|Any CPU
	EndGlobalSection
	GlobalSection(SolutionProperties) = preSolution
		HideSolutionNode = FALSE
	EndGlobalSection
	GlobalSection(NestedProjects) = preSolution
		{865EE279-A05A-4953-9691-8239C5150845} = {8E2B7C83-42A7-4C7C-A125-C53635AA3120}
		{97081493-B830-48CF-9FF9-964C70D865CC} = {8E2B7C83-42A7-4C7C-A125-C53635AA3120}
		{4627525F-5AE2-42AA-A0FD-FB0A0B84F10F} = {8E2B7C83-42A7-4C7C-A125-C53635AA3120}
		{0CF5E8E9-1699-48FC-A6E1-FB78715705B1} = {8E2B7C83-42A7-4C7C-A125-C53635AA3120}
	EndGlobalSection
	GlobalSection(ExtensibilityGlobals) = postSolution
		SolutionGuid = {90745CB7-2210-4201-B837-FA4A61E105CC}
	EndGlobalSection
EndGlobal
